
Microsoft Visual Studio Solution File, Format Version 12.00
# Visual Studio 15
VisualStudioVersion = 15.0.28307.421
MinimumVisualStudioVersion = 10.0.40219.1
Project("{888888A0-9F3D-457C-B088-3A5042F75D52}") = "Youtube-Bot", "Youtube-Bot\Youtube-Bot.pyproj", "{9AABC6D3-AF2C-49B6-B96F-BDF079D80CCB}"
EndProject
Global
	GlobalSection(SolutionConfigurationPlatforms) = preSolution
		Debug|Any CPU = Debug|Any CPU
		Release|Any CPU = Release|Any CPU
	EndGlobalSection
	GlobalSection(ProjectConfigurationPlatforms) = postSolution
		{9AABC6D3-AF2C-49B6-B96F-BDF079D80CCB}.Debug|Any CPU.ActiveCfg = Debug|Any CPU
		{9AABC6D3-AF2C-49B6-B96F-BDF079D80CCB}.Release|Any CPU.ActiveCfg = Release|Any CPU
	EndGlobalSection
	GlobalSection(SolutionProperties) = preSolution
		HideSolutionNode = FALSE
	EndGlobalSection
	GlobalSection(ExtensibilityGlobals) = postSolution
		SolutionGuid = {61EBCF84-3F6F-42DC-97AB-98968A65668A}
	EndGlobalSection
EndGlobal
